{
  "lockfile_version": "1",
  "packages": {
    "github:NixOS/nixpkgs/nixpkgs-unstable": {
      "last_modified": "2025-09-03T14:58:13Z",
      "resolved": "github:NixOS/nixpkgs/c6a788f552b7b7af703b1a29802a7233c0067908?lastModified=1756911493&narHash=sha256-6n%2Fn1GZQ%2Fvi%2BLhFXMSyoseKdNfc2QQaSBXJdgamrbkE%3D"
    },
    "nodejs_22@latest": {
      "last_modified": "2025-05-31T03:30:20Z",
      "plugin_version": "0.0.2",
      "resolved": "github:NixOS/nixpkgs/59138c7667b7970d205d6a05a8bfa2d78caa3643#nodejs_22",
      "source": "devbox-search",
      "version": "22.14.0",
      "systems": {
        "aarch64-darwin": {
          "outputs": [
            {
              "name": "out",
              "path": "/nix/store/g5bv4gi6p7ryhs2hbaryxs6ivsxa6lqc-nodejs-22.14.0",
              "default": true
            },
            {
              "name": "dev",
              "path": "/nix/store/96vpirdcns8zxdwzwl7n804012lwrf1n-nodejs-22.14.0-dev"
            },
            {
              "name": "libv8",
              "path": "/nix/store/xph2837xqjnra80mqlk64xp7vb3kkqxs-nodejs-22.14.0-libv8"
            }
          ],
          "store_path": "/nix/store/g5bv4gi6p7ryhs2hbaryxs6ivsxa6lqc-nodejs-22.14.0"
        },
        "aarch64-linux": {
          "outputs": [
            {
              "name": "out",
              "path": "/nix/store/cwb781xbp70f72njqh8vhvbsf1xq87i5-nodejs-22.14.0",
              "default": true
            },
            {
              "name": "dev",
              "path": "/nix/store/0w5mql46am2qai707a42q983l44l1h9z-nodejs-22.14.0-dev"
            },
            {
              "name": "libv8",
              "path": "/nix/store/vy56lahz381ayvw3hym3wj4r4ggv7gbk-nodejs-22.14.0-libv8"
            }
          ],
          "store_path": "/nix/store/cwb781xbp70f72njqh8vhvbsf1xq87i5-nodejs-22.14.0"
        },
        "x86_64-darwin": {
          "outputs": [
            {
              "name": "out",
              "path": "/nix/store/086zjv14ipka2vbpgwil3xyvi5ml4vh3-nodejs-22.14.0",
              "default": true
            },
            {
              "name": "dev",
              "path": "/nix/store/24n01nfvy908pwzwpgsl0k4227187i7i-nodejs-22.14.0-dev"
            },
            {
              "name": "libv8",
              "path": "/nix/store/jiwk0in1wk85crn9vp03gg937gbh1s0w-nodejs-22.14.0-libv8"
            }
          ],
          "store_path": "/nix/store/086zjv14ipka2vbpgwil3xyvi5ml4vh3-nodejs-22.14.0"
        },
        "x86_64-linux": {
          "outputs": [
            {
              "name": "out",
              "path": "/nix/store/c8jxsih8yy2rnncdmx2hyraizf689nvp-nodejs-22.14.0",
              "default": true
            },
            {
              "name": "libv8",
              "path": "/nix/store/s8gnrgh9hgnbkrc1wrn21d6zvkbvm9vi-nodejs-22.14.0-libv8"
            },
            {
              "name": "dev",
              "path": "/nix/store/xw8c1c0inxq3xl1d7axz19vq8c05kjk5-nodejs-22.14.0-dev"
            }
          ],
          "store_path": "/nix/store/c8jxsih8yy2rnncdmx2hyraizf689nvp-nodejs-22.14.0"
        }
      }
    },
    "yarn@latest": {
      "last_modified": "2025-07-28T17:09:23Z",
      "resolved": "github:NixOS/nixpkgs/648f70160c03151bc2121d179291337ad6bc564b#yarn",
      "source": "devbox-search",
      "version": "1.22.22",
      "systems": {
        "aarch64-darwin": {
          "outputs": [
            {
              "name": "out",
              "path": "/nix/store/2hb4yl033wym7imkbzydgxfyfn5r8024-yarn-1.22.22",
              "default": true
            }
          ],
          "store_path": "/nix/store/2hb4yl033wym7imkbzydgxfyfn5r8024-yarn-1.22.22"
        },
        "aarch64-linux": {
          "outputs": [
            {
              "name": "out",
              "path": "/nix/store/7ibx5w03lkpfrab4isvndqxnx4g3w0h6-yarn-1.22.22",
              "default": true
            }
          ],
          "store_path": "/nix/store/7ibx5w03lkpfrab4isvndqxnx4g3w0h6-yarn-1.22.22"
        },
        "x86_64-darwin": {
          "outputs": [
            {
              "name": "out",
              "path": "/nix/store/0khfcbpw9vhq2lz9nf6mgnsz2fw365x7-yarn-1.22.22",
              "default": true
            }
          ],
          "store_path": "/nix/store/0khfcbpw9vhq2lz9nf6mgnsz2fw365x7-yarn-1.22.22"
        },
        "x86_64-linux": {
          "outputs": [
            {
              "name": "out",
              "path": "/nix/store/99i6m5dmg2q0g44b0gpmwz92g00wk7ma-yarn-1.22.22",
              "default": true
            }
          ],
          "store_path": "/nix/store/99i6m5dmg2q0g44b0gpmwz92g00wk7ma-yarn-1.22.22"
        }
      }
    }
  }
}
